
Microsoft Visual Studio Solution File, Format Version 12.00
# Visual Studio 2012
Project("{8BC9CEB8-8B4A-11D0-8D11-00A0C91BC942}") = "screenshot", "screenshot\screenshot.vcxproj", "{ECB6223E-709D-4D1B-A004-BED8DD800952}"
EndProject
Global
	GlobalSection(SolutionConfigurationPlatforms) = preSolution
		Debug|Win32 = Debug|Win32
		Release|Win32 = Release|Win32
	EndGlobalSection
	GlobalSection(ProjectConfigurationPlatforms) = postSolution
		{ECB6223E-709D-4D1B-A004-BED8DD800952}.Debug|Win32.ActiveCfg = Debug|Win32
		{ECB6223E-709D-4D1B-A004-BED8DD800952}.Debug|Win32.Build.0 = Debug|Win32
		{ECB6223E-709D-4D1B-A004-BED8DD800952}.Release|Win32.ActiveCfg = Release|Win32
		{ECB6223E-709D-4D1B-A004-BED8DD800952}.Release|Win32.Build.0 = Release|Win32
	EndGlobalSection
	GlobalSection(SolutionProperties) = preSolution
		HideSolutionNode = FALSE
	EndGlobalSection
EndGlobal
