
Microsoft Visual Studio Solution File, Format Version 12.00
# Visual Studio 2012
Project("{8BC9CEB8-8B4A-11D0-8D11-00A0C91BC942}") = "飞机大战", "飞机大战\飞机大战.vcxproj", "{C5DE9224-A240-4F52-8EF5-4E4C9D5B2ED0}"
EndProject
Global
	GlobalSection(SolutionConfigurationPlatforms) = preSolution
		Debug|Win32 = Debug|Win32
		Release|Win32 = Release|Win32
	EndGlobalSection
	GlobalSection(ProjectConfigurationPlatforms) = postSolution
		{C5DE9224-A240-4F52-8EF5-4E4C9D5B2ED0}.Debug|Win32.ActiveCfg = Debug|Win32
		{C5DE9224-A240-4F52-8EF5-4E4C9D5B2ED0}.Debug|Win32.Build.0 = Debug|Win32
		{C5DE9224-A240-4F52-8EF5-4E4C9D5B2ED0}.Release|Win32.ActiveCfg = Release|Win32
		{C5DE9224-A240-4F52-8EF5-4E4C9D5B2ED0}.Release|Win32.Build.0 = Release|Win32
	EndGlobalSection
	GlobalSection(SolutionProperties) = preSolution
		HideSolutionNode = FALSE
	EndGlobalSection
EndGlobal
