
Microsoft Visual Studio Solution File, Format Version 12.00
# Visual Studio 2012
Project("{8BC9CEB8-8B4A-11D0-8D11-00A0C91BC942}") = "09构造函数", "09构造函数\09构造函数.vcxproj", "{1EE8BA7F-F297-4B41-93AB-A42CABA07ADB}"
EndProject
Global
	GlobalSection(SolutionConfigurationPlatforms) = preSolution
		Debug|Win32 = Debug|Win32
		Release|Win32 = Release|Win32
	EndGlobalSection
	GlobalSection(ProjectConfigurationPlatforms) = postSolution
		{1EE8BA7F-F297-4B41-93AB-A42CABA07ADB}.Debug|Win32.ActiveCfg = Debug|Win32
		{1EE8BA7F-F297-4B41-93AB-A42CABA07ADB}.Debug|Win32.Build.0 = Debug|Win32
		{1EE8BA7F-F297-4B41-93AB-A42CABA07ADB}.Release|Win32.ActiveCfg = Release|Win32
		{1EE8BA7F-F297-4B41-93AB-A42CABA07ADB}.Release|Win32.Build.0 = Release|Win32
	EndGlobalSection
	GlobalSection(SolutionProperties) = preSolution
		HideSolutionNode = FALSE
	EndGlobalSection
EndGlobal
