
Microsoft Visual Studio Solution File, Format Version 12.00
# Visual Studio 2012
Project("{8BC9CEB8-8B4A-11D0-8D11-00A0C91BC942}") = "Deaw", "Deaw\Deaw.vcxproj", "{DC309A46-2BC0-4646-83AA-14170E13BABA}"
EndProject
Global
	GlobalSection(SolutionConfigurationPlatforms) = preSolution
		Debug|Win32 = Debug|Win32
		Release|Win32 = Release|Win32
	EndGlobalSection
	GlobalSection(ProjectConfigurationPlatforms) = postSolution
		{DC309A46-2BC0-4646-83AA-14170E13BABA}.Debug|Win32.ActiveCfg = Debug|Win32
		{DC309A46-2BC0-4646-83AA-14170E13BABA}.Debug|Win32.Build.0 = Debug|Win32
		{DC309A46-2BC0-4646-83AA-14170E13BABA}.Release|Win32.ActiveCfg = Release|Win32
		{DC309A46-2BC0-4646-83AA-14170E13BABA}.Release|Win32.Build.0 = Release|Win32
	EndGlobalSection
	GlobalSection(SolutionProperties) = preSolution
		HideSolutionNode = FALSE
	EndGlobalSection
EndGlobal
